
Microsoft Visual Studio Solution File, Format Version 12.00
# Visual Studio Version 16
VisualStudioVersion = 16.0.31624.102
MinimumVisualStudioVersion = 10.0.40219.1
Project("{8BC9CEB8-8B4A-11D0-8D11-00A0C91BC942}") = "ConsoleApplication15", "ConsoleApplication15\ConsoleApplication15.vcxproj", "{4F717D9C-8AC1-412A-AEA3-BD2EA030056D}"
EndProject
Global
	GlobalSection(SolutionConfigurationPlatforms) = preSolution
		Debug|x64 = Debug|x64
		Debug|x86 = Debug|x86
		Release|x64 = Release|x64
		Release|x86 = Release|x86
	EndGlobalSection
	GlobalSection(ProjectConfigurationPlatforms) = postSolution
		{4F717D9C-8AC1-412A-AEA3-BD2EA030056D}.Debug|x64.ActiveCfg = Debug|x64
		{4F717D9C-8AC1-412A-AEA3-BD2EA030056D}.Debug|x64.Build.0 = Debug|x64
		{4F717D9C-8AC1-412A-AEA3-BD2EA030056D}.Debug|x86.ActiveCfg = Debug|Win32
		{4F717D9C-8AC1-412A-AEA3-BD2EA030056D}.Debug|x86.Build.0 = Debug|Win32
		{4F717D9C-8AC1-412A-AEA3-BD2EA030056D}.Release|x64.ActiveCfg = Release|x64
		{4F717D9C-8AC1-412A-AEA3-BD2EA030056D}.Release|x64.Build.0 = Release|x64
		{4F717D9C-8AC1-412A-AEA3-BD2EA030056D}.Release|x86.ActiveCfg = Release|Win32
		{4F717D9C-8AC1-412A-AEA3-BD2EA030056D}.Release|x86.Build.0 = Release|Win32
	EndGlobalSection
	GlobalSection(SolutionProperties) = preSolution
		HideSolutionNode = FALSE
	EndGlobalSection
	GlobalSection(ExtensibilityGlobals) = postSolution
		SolutionGuid = {51B51BF0-A488-4096-B618-C995742825CE}
	EndGlobalSection
EndGlobal
