
Microsoft Visual Studio Solution File, Format Version 12.00
# Visual Studio Version 17
VisualStudioVersion = 17.1.32210.238
MinimumVisualStudioVersion = 10.0.40219.1
Project("{F184B08F-C81C-45F6-A57F-5ABD9991F28F}") = "MIdtermExam", "MIdtermExam\MIdtermExam.vbproj", "{21F24B8F-6789-4B07-988C-F65C5557EFE1}"
EndProject
Global
	GlobalSection(SolutionConfigurationPlatforms) = preSolution
		Debug|Any CPU = Debug|Any CPU
		Release|Any CPU = Release|Any CPU
	EndGlobalSection
	GlobalSection(ProjectConfigurationPlatforms) = postSolution
		{21F24B8F-6789-4B07-988C-F65C5557EFE1}.Debug|Any CPU.ActiveCfg = Debug|Any CPU
		{21F24B8F-6789-4B07-988C-F65C5557EFE1}.Debug|Any CPU.Build.0 = Debug|Any CPU
		{21F24B8F-6789-4B07-988C-F65C5557EFE1}.Release|Any CPU.ActiveCfg = Release|Any CPU
		{21F24B8F-6789-4B07-988C-F65C5557EFE1}.Release|Any CPU.Build.0 = Release|Any CPU
	EndGlobalSection
	GlobalSection(SolutionProperties) = preSolution
		HideSolutionNode = FALSE
	EndGlobalSection
	GlobalSection(ExtensibilityGlobals) = postSolution
		SolutionGuid = {21C66EAF-F156-4905-AA64-9B48E8FE59FB}
	EndGlobalSection
EndGlobal
