
Microsoft Visual Studio Solution File, Format Version 12.00
# Visual Studio Version 16
VisualStudioVersion = 16.0.31624.102
MinimumVisualStudioVersion = 10.0.40219.1
Project("{8BC9CEB8-8B4A-11D0-8D11-00A0C91BC942}") = "Project1", "Project1\Project1.vcxproj", "{3067FE37-EC34-428C-8428-EFDE94882589}"
EndProject
Global
	GlobalSection(SolutionConfigurationPlatforms) = preSolution
		Debug|x64 = Debug|x64
		Debug|x86 = Debug|x86
		Release|x64 = Release|x64
		Release|x86 = Release|x86
	EndGlobalSection
	GlobalSection(ProjectConfigurationPlatforms) = postSolution
		{3067FE37-EC34-428C-8428-EFDE94882589}.Debug|x64.ActiveCfg = Debug|x64
		{3067FE37-EC34-428C-8428-EFDE94882589}.Debug|x64.Build.0 = Debug|x64
		{3067FE37-EC34-428C-8428-EFDE94882589}.Debug|x86.ActiveCfg = Debug|Win32
		{3067FE37-EC34-428C-8428-EFDE94882589}.Debug|x86.Build.0 = Debug|Win32
		{3067FE37-EC34-428C-8428-EFDE94882589}.Release|x64.ActiveCfg = Release|x64
		{3067FE37-EC34-428C-8428-EFDE94882589}.Release|x64.Build.0 = Release|x64
		{3067FE37-EC34-428C-8428-EFDE94882589}.Release|x86.ActiveCfg = Release|Win32
		{3067FE37-EC34-428C-8428-EFDE94882589}.Release|x86.Build.0 = Release|Win32
	EndGlobalSection
	GlobalSection(SolutionProperties) = preSolution
		HideSolutionNode = FALSE
	EndGlobalSection
	GlobalSection(ExtensibilityGlobals) = postSolution
		SolutionGuid = {6D7D6666-24D7-454C-8CCC-CCEF3367413D}
	EndGlobalSection
EndGlobal
