
Microsoft Visual Studio Solution File, Format Version 12.00
# Visual Studio Version 16
VisualStudioVersion = 16.0.31624.102
MinimumVisualStudioVersion = 10.0.40219.1
Project("{F184B08F-C81C-45F6-A57F-5ABD9991F28F}") = "WindowsApp3", "WindowsApp3\WindowsApp3.vbproj", "{11BA7744-BD97-4D3C-8078-461C7DC04690}"
EndProject
Global
	GlobalSection(SolutionConfigurationPlatforms) = preSolution
		Debug|Any CPU = Debug|Any CPU
		Release|Any CPU = Release|Any CPU
	EndGlobalSection
	GlobalSection(ProjectConfigurationPlatforms) = postSolution
		{11BA7744-BD97-4D3C-8078-461C7DC04690}.Debug|Any CPU.ActiveCfg = Debug|Any CPU
		{11BA7744-BD97-4D3C-8078-461C7DC04690}.Debug|Any CPU.Build.0 = Debug|Any CPU
		{11BA7744-BD97-4D3C-8078-461C7DC04690}.Release|Any CPU.ActiveCfg = Release|Any CPU
		{11BA7744-BD97-4D3C-8078-461C7DC04690}.Release|Any CPU.Build.0 = Release|Any CPU
	EndGlobalSection
	GlobalSection(SolutionProperties) = preSolution
		HideSolutionNode = FALSE
	EndGlobalSection
	GlobalSection(ExtensibilityGlobals) = postSolution
		SolutionGuid = {CA86CBED-BBD6-41F9-B265-9B1775238FA3}
	EndGlobalSection
EndGlobal
